// !$*UTF8*$!
{
	archiveVersion = 1;
	classes = {
	};
	objectVersion = 56;
	objects = {

/* Begin PBXBuildFile section */
		1130D1A22BA4AF4900A76CEA /* NoteCell.swift in Sources */ = {isa = PBXBuildFile; fileRef = 1130D1A12BA4AF4900A76CEA /* NoteCell.swift */; };
		1130D1A42BA4AF6200A76CEA /* NoteTableView.swift in Sources */ = {isa = PBXBuildFile; fileRef = 1130D1A32BA4AF6200A76CEA /* NoteTableView.swift */; };
		115871F22BA4A83400BBF9E6 /* AppDelegate.swift in Sources */ = {isa = PBXBuildFile; fileRef = 115871F12BA4A83400BBF9E6 /* AppDelegate.swift */; };
		115871F42BA4A83400BBF9E6 /* SceneDelegate.swift in Sources */ = {isa = PBXBuildFile; fileRef = 115871F32BA4A83400BBF9E6 /* SceneDelegate.swift */; };
		115871F62BA4A83400BBF9E6 /* NoteDetailVC.swift in Sources */ = {isa = PBXBuildFile; fileRef = 115871F52BA4A83400BBF9E6 /* NoteDetailVC.swift */; };
		115871F92BA4A83400BBF9E6 /* Main.storyboard in Resources */ = {isa = PBXBuildFile; fileRef = 115871F72BA4A83400BBF9E6 /* Main.storyboard */; };
		115871FC2BA4A83400BBF9E6 /* NoteAppCoreData.xcdatamodeld in Sources */ = {isa = PBXBuildFile; fileRef = 115871FA2BA4A83400BBF9E6 /* NoteAppCoreData.xcdatamodeld */; };
		115871FE2BA4A83400BBF9E6 /* Assets.xcassets in Resources */ = {isa = PBXBuildFile; fileRef = 115871FD2BA4A83400BBF9E6 /* Assets.xcassets */; };
		115872012BA4A83400BBF9E6 /* LaunchScreen.storyboard in Resources */ = {isa = PBXBuildFile; fileRef = 115871FF2BA4A83400BBF9E6 /* LaunchScreen.storyboard */; };
		11B569192BA4B44400141652 /* Note.swift in Sources */ = {isa = PBXBuildFile; fileRef = 11B569182BA4B44400141652 /* Note.swift */; };
/* End PBXBuildFile section */

/* Begin PBXFileReference section */
		1130D1A12BA4AF4900A76CEA /* NoteCell.swift */ = {isa = PBXFileReference; lastKnownFileType = sourcecode.swift; path = NoteCell.swift; sourceTree = "<group>"; };
		1130D1A32BA4AF6200A76CEA /* NoteTableView.swift */ = {isa = PBXFileReference; lastKnownFileType = sourcecode.swift; path = NoteTableView.swift; sourceTree = "<group>"; };
		115871EE2BA4A83400BBF9E6 /* NoteAppCoreData.app */ = {isa = PBXFileReference; explicitFileType = wrapper.application; includeInIndex = 0; path = NoteAppCoreData.app; sourceTree = BUILT_PRODUCTS_DIR; };
		115871F12BA4A83400BBF9E6 /* AppDelegate.swift */ = {isa = PBXFileReference; lastKnownFileType = sourcecode.swift; path = AppDelegate.swift; sourceTree = "<group>"; };
		115871F32BA4A83400BBF9E6 /* SceneDelegate.swift */ = {isa = PBXFileReference; lastKnownFileType = sourcecode.swift; path = SceneDelegate.swift; sourceTree = "<group>"; };
		115871F52BA4A83400BBF9E6 /* NoteDetailVC.swift */ = {isa = PBXFileReference; lastKnownFileType = sourcecode.swift; path = NoteDetailVC.swift; sourceTree = "<group>"; };
		115871F82BA4A83400BBF9E6 /* Base */ = {isa = PBXFileReference; lastKnownFileType = file.storyboard; name = Base; path = Base.lproj/Main.storyboard; sourceTree = "<group>"; };
		115871FB2BA4A83400BBF9E6 /* NoteAppCoreData.xcdatamodel */ = {isa = PBXFileReference; lastKnownFileType = wrapper.xcdatamodel; path = NoteAppCoreData.xcdatamodel; sourceTree = "<group>"; };
		115871FD2BA4A83400BBF9E6 /* Assets.xcassets */ = {isa = PBXFileReference; lastKnownFileType = folder.assetcatalog; path = Assets.xcassets; sourceTree = "<group>"; };
		115872002BA4A83400BBF9E6 /* Base */ = {isa = PBXFileReference; lastKnownFileType = file.storyboard; name = Base; path = Base.lproj/LaunchScreen.storyboard; sourceTree = "<group>"; };
		115872022BA4A83400BBF9E6 /* Info.plist */ = {isa = PBXFileReference; lastKnownFileType = text.plist.xml; path = Info.plist; sourceTree = "<group>"; };
		11B569182BA4B44400141652 /* Note.swift */ = {isa = PBXFileReference; lastKnownFileType = sourcecode.swift; path = Note.swift; sourceTree = "<group>"; };
/* End PBXFileReference section */

/* Begin PBXFrameworksBuildPhase section */
		115871EB2BA4A83400BBF9E6 /* Frameworks */ = {
			isa = PBXFrameworksBuildPhase;
			buildActionMask = 2147483647;
			files = (
			);
			runOnlyForDeploymentPostprocessing = 0;
		};
/* End PBXFrameworksBuildPhase section */

/* Begin PBXGroup section */
		115871E52BA4A83400BBF9E6 = {
			isa = PBXGroup;
			children = (
				115871F02BA4A83400BBF9E6 /* NoteAppCoreData */,
				115871EF2BA4A83400BBF9E6 /* Products */,
			);
			sourceTree = "<group>";
		};
		115871EF2BA4A83400BBF9E6 /* Products */ = {
			isa = PBXGroup;
			children = (
				115871EE2BA4A83400BBF9E6 /* NoteAppCoreData.app */,
			);
			name = Products;
			sourceTree = "<group>";
		};
		115871F02BA4A83400BBF9E6 /* NoteAppCoreData */ = {
			isa = PBXGroup;
			children = (
				115871F12BA4A83400BBF9E6 /* AppDelegate.swift */,
				115871F32BA4A83400BBF9E6 /* SceneDelegate.swift */,
				115871F52BA4A83400BBF9E6 /* NoteDetailVC.swift */,
				115871F72BA4A83400BBF9E6 /* Main.storyboard */,
				1130D1A12BA4AF4900A76CEA /* NoteCell.swift */,
				1130D1A32BA4AF6200A76CEA /* NoteTableView.swift */,
				115871FD2BA4A83400BBF9E6 /* Assets.xcassets */,
				115871FF2BA4A83400BBF9E6 /* LaunchScreen.storyboard */,
				115872022BA4A83400BBF9E6 /* Info.plist */,
				115871FA2BA4A83400BBF9E6 /* NoteAppCoreData.xcdatamodeld */,
				11B569182BA4B44400141652 /* Note.swift */,
			);
			path = NoteAppCoreData;
			sourceTree = "<group>";
		};
/* End PBXGroup section */

/* Begin PBXNativeTarget section */
		115871ED2BA4A83400BBF9E6 /* NoteAppCoreData */ = {
			isa = PBXNativeTarget;
			buildConfigurationList = 115872052BA4A83400BBF9E6 /* Build configuration list for PBXNativeTarget "NoteAppCoreData" */;
			buildPhases = (
				115871EA2BA4A83400BBF9E6 /* Sources */,
				115871EB2BA4A83400BBF9E6 /* Frameworks */,
				115871EC2BA4A83400BBF9E6 /* Resources */,
			);
			buildRules = (
			);
			dependencies = (
			);
			name = NoteAppCoreData;
			productName = NoteAppCoreData;
			productReference = 115871EE2BA4A83400BBF9E6 /* NoteAppCoreData.app */;
			productType = "com.apple.product-type.application";
		};
/* End PBXNativeTarget section */

/* Begin PBXProject section */
		115871E62BA4A83400BBF9E6 /* Project object */ = {
			isa = PBXProject;
			attributes = {
				BuildIndependentTargetsInParallel = 1;
				LastSwiftUpdateCheck = 1430;
				LastUpgradeCheck = 1430;
				TargetAttributes = {
					115871ED2BA4A83400BBF9E6 = {
						CreatedOnToolsVersion = 14.3;
					};
				};
			};
			buildConfigurationList = 115871E92BA4A83400BBF9E6 /* Build configuration list for PBXProject "NoteAppCoreData" */;
			compatibilityVersion = "Xcode 14.0";
			developmentRegion = en;
			hasScannedForEncodings = 0;
			knownRegions = (
				en,
				Base,
			);
			mainGroup = 115871E52BA4A83400BBF9E6;
			productRefGroup = 115871EF2BA4A83400BBF9E6 /* Products */;
			projectDirPath = "";
			projectRoot = "";
			targets = (
				115871ED2BA4A83400BBF9E6 /* NoteAppCoreData */,
			);
		};
/* End PBXProject section */

/* Begin PBXResourcesBuildPhase section */
		115871EC2BA4A83400BBF9E6 /* Resources */ = {
			isa = PBXResourcesBuildPhase;
			buildActionMask = 2147483647;
			files = (
				115872012BA4A83400BBF9E6 /* LaunchScreen.storyboard in Resources */,
				115871FE2BA4A83400BBF9E6 /* Assets.xcassets in Resources */,
				115871F92BA4A83400BBF9E6 /* Main.storyboard in Resources */,
			);
			runOnlyForDeploymentPostprocessing = 0;
		};
/* End PBXResourcesBuildPhase section */

/* Begin PBXSourcesBuildPhase section */
		115871EA2BA4A83400BBF9E6 /* Sources */ = {
			isa = PBXSourcesBuildPhase;
			buildActionMask = 2147483647;
			files = (
				115871F62BA4A83400BBF9E6 /* NoteDetailVC.swift in Sources */,
				1130D1A42BA4AF6200A76CEA /* NoteTableView.swift in Sources */,
				11B569192BA4B44400141652 /* Note.swift in Sources */,
				115871F22BA4A83400BBF9E6 /* AppDelegate.swift in Sources */,
				1130D1A22BA4AF4900A76CEA /* NoteCell.swift in Sources */,
				115871FC2BA4A83400BBF9E6 /* NoteAppCoreData.xcdatamodeld in Sources */,
				115871F42BA4A83400BBF9E6 /* SceneDelegate.swift in Sources */,
			);
			runOnlyForDeploymentPostprocessing = 0;
		};
/* End PBXSourcesBuildPhase section */

/* Begin PBXVariantGroup section */
		115871F72BA4A83400BBF9E6 /* Main.storyboard */ = {
			isa = PBXVariantGroup;
			children = (
				115871F82BA4A83400BBF9E6 /* Base */,
			);
			name = Main.storyboard;
			sourceTree = "<group>";
		};
		115871FF2BA4A83400BBF9E6 /* LaunchScreen.storyboard */ = {
			isa = PBXVariantGroup;
			children = (
				115872002BA4A83400BBF9E6 /* Base */,
			);
			name = LaunchScreen.storyboard;
			sourceTree = "<group>";
		};
/* End PBXVariantGroup section */

/* Begin XCBuildConfiguration section */
		115872032BA4A83400BBF9E6 /* Debug */ = {
			isa = XCBuildConfiguration;
			buildSettings = {
				ALWAYS_SEARCH_USER_PATHS = NO;
				CLANG_ANALYZER_NONNULL = YES;
				CLANG_ANALYZER_NUMBER_OBJECT_CONVERSION = YES_AGGRESSIVE;
				CLANG_CXX_LANGUAGE_STANDARD = "gnu++20";
				CLANG_ENABLE_MODULES = YES;
				CLANG_ENABLE_OBJC_ARC = YES;
				CLANG_ENABLE_OBJC_WEAK = YES;
				CLANG_WARN_BLOCK_CAPTURE_AUTORELEASING = YES;
				CLANG_WARN_BOOL_CONVERSION = YES;
				CLANG_WARN_COMMA = YES;
				CLANG_WARN_CONSTANT_CONVERSION = YES;
				CLANG_WARN_DEPRECATED_OBJC_IMPLEMENTATIONS = YES;
				CLANG_WARN_DIRECT_OBJC_ISA_USAGE = YES_ERROR;
				CLANG_WARN_DOCUMENTATION_COMMENTS = YES;
				CLANG_WARN_EMPTY_BODY = YES;
				CLANG_WARN_ENUM_CONVERSION = YES;
				CLANG_WARN_INFINITE_RECURSION = YES;
				CLANG_WARN_INT_CONVERSION = YES;
				CLANG_WARN_NON_LITERAL_NULL_CONVERSION = YES;
				CLANG_WARN_OBJC_IMPLICIT_RETAIN_SELF = YES;
				CLANG_WARN_OBJC_LITERAL_CONVERSION = YES;
				CLANG_WARN_OBJC_ROOT_CLASS = YES_ERROR;
				CLANG_WARN_QUOTED_INCLUDE_IN_FRAMEWORK_HEADER = YES;
				CLANG_WARN_RANGE_LOOP_ANALYSIS = YES;
				CLANG_WARN_STRICT_PROTOTYPES = YES;
				CLANG_WARN_SUSPICIOUS_MOVE = YES;
				CLANG_WARN_UNGUARDED_AVAILABILITY = YES_AGGRESSIVE;
				CLANG_WARN_UNREACHABLE_CODE = YES;
				CLANG_WARN__DUPLICATE_METHOD_MATCH = YES;
				COPY_PHASE_STRIP = NO;
				DEBUG_INFORMATION_FORMAT = dwarf;
				ENABLE_STRICT_OBJC_MSGSEND = YES;
				ENABLE_TESTABILITY = YES;
				GCC_C_LANGUAGE_STANDARD = gnu11;
				GCC_DYNAMIC_NO_PIC = NO;
				GCC_NO_COMMON_BLOCKS = YES;
				GCC_OPTIMIZATION_LEVEL = 0;
				GCC_PREPROCESSOR_DEFINITIONS = (
					"DEBUG=1",
					"$(inherited)",
				);
				GCC_WARN_64_TO_32_BIT_CONVERSION = YES;
				GCC_WARN_ABOUT_RETURN_TYPE = YES_ERROR;
				GCC_WARN_UNDECLARED_SELECTOR = YES;
				GCC_WARN_UNINITIALIZED_AUTOS = YES_AGGRESSIVE;
				GCC_WARN_UNUSED_FUNCTION = YES;
				GCC_WARN_UNUSED_VARIABLE = YES;
				IPHONEOS_DEPLOYMENT_TARGET = 16.4;
				MTL_ENABLE_DEBUG_INFO = INCLUDE_SOURCE;
				MTL_FAST_MATH = YES;
				ONLY_ACTIVE_ARCH = YES;
				SDKROOT = iphoneos;
				SWIFT_ACTIVE_COMPILATION_CONDITIONS = DEBUG;
				SWIFT_OPTIMIZATION_LEVEL = "-Onone";
			};
			name = Debug;
		};
		115872042BA4A83400BBF9E6 /* Release */ = {
			isa = XCBuildConfiguration;
			buildSettings = {
				ALWAYS_SEARCH_USER_PATHS = NO;
				CLANG_ANALYZER_NONNULL = YES;
				CLANG_ANALYZER_NUMBER_OBJECT_CONVERSION = YES_AGGRESSIVE;
				CLANG_CXX_LANGUAGE_STANDARD = "gnu++20";
				CLANG_ENABLE_MODULES = YES;
				CLANG_ENABLE_OBJC_ARC = YES;
				CLANG_ENABLE_OBJC_WEAK = YES;
				CLANG_WARN_BLOCK_CAPTURE_AUTORELEASING = YES;
				CLANG_WARN_BOOL_CONVERSION = YES;
				CLANG_WARN_COMMA = YES;
				CLANG_WARN_CONSTANT_CONVERSION = YES;
				CLANG_WARN_DEPRECATED_OBJC_IMPLEMENTATIONS = YES;
				CLANG_WARN_DIRECT_OBJC_ISA_USAGE = YES_ERROR;
				CLANG_WARN_DOCUMENTATION_COMMENTS = YES;
				CLANG_WARN_EMPTY_BODY = YES;
				CLANG_WARN_ENUM_CONVERSION = YES;
				CLANG_WARN_INFINITE_RECURSION = YES;
				CLANG_WARN_INT_CONVERSION = YES;
				CLANG_WARN_NON_LITERAL_NULL_CONVERSION = YES;
				CLANG_WARN_OBJC_IMPLICIT_RETAIN_SELF = YES;
				CLANG_WARN_OBJC_LITERAL_CONVERSION = YES;
				CLANG_WARN_OBJC_ROOT_CLASS = YES_ERROR;
				CLANG_WARN_QUOTED_INCLUDE_IN_FRAMEWORK_HEADER = YES;
				CLANG_WARN_RANGE_LOOP_ANALYSIS = YES;
				CLANG_WARN_STRICT_PROTOTYPES = YES;
				CLANG_WARN_SUSPICIOUS_MOVE = YES;
				CLANG_WARN_UNGUARDED_AVAILABILITY = YES_AGGRESSIVE;
				CLANG_WARN_UNREACHABLE_CODE = YES;
				CLANG_WARN__DUPLICATE_METHOD_MATCH = YES;
				COPY_PHASE_STRIP = NO;
				DEBUG_INFORMATION_FORMAT = "dwarf-with-dsym";
				ENABLE_NS_ASSERTIONS = NO;
				ENABLE_STRICT_OBJC_MSGSEND = YES;
				GCC_C_LANGUAGE_STANDARD = gnu11;
				GCC_NO_COMMON_BLOCKS = YES;
				GCC_WARN_64_TO_32_BIT_CONVERSION = YES;
				GCC_WARN_ABOUT_RETURN_TYPE = YES_ERROR;
				GCC_WARN_UNDECLARED_SELECTOR = YES;
				GCC_WARN_UNINITIALIZED_AUTOS = YES_AGGRESSIVE;
				GCC_WARN_UNUSED_FUNCTION = YES;
				GCC_WARN_UNUSED_VARIABLE = YES;
				IPHONEOS_DEPLOYMENT_TARGET = 16.4;
				MTL_ENABLE_DEBUG_INFO = NO;
				MTL_FAST_MATH = YES;
				SDKROOT = iphoneos;
				SWIFT_COMPILATION_MODE = wholemodule;
				SWIFT_OPTIMIZATION_LEVEL = "-O";
				VALIDATE_PRODUCT = YES;
			};
			name = Release;
		};
		115872062BA4A83400BBF9E6 /* Debug */ = {
			isa = XCBuildConfiguration;
			buildSettings = {
				ASSETCATALOG_COMPILER_APPICON_NAME = AppIcon;
				ASSETCATALOG_COMPILER_GLOBAL_ACCENT_COLOR_NAME = AccentColor;
				CODE_SIGN_STYLE = Automatic;
				CURRENT_PROJECT_VERSION = 1;
				DEVELOPMENT_TEAM = RHCPZT2F53;
				GENERATE_INFOPLIST_FILE = YES;
				INFOPLIST_FILE = NoteAppCoreData/Info.plist;
				INFOPLIST_KEY_UIApplicationSupportsIndirectInputEvents = YES;
				INFOPLIST_KEY_UILaunchStoryboardName = LaunchScreen;
				INFOPLIST_KEY_UIMainStoryboardFile = Main;
				INFOPLIST_KEY_UISupportedInterfaceOrientations_iPad = "UIInterfaceOrientationPortrait UIInterfaceOrientationPortraitUpsideDown UIInterfaceOrientationLandscapeLeft UIInterfaceOrientationLandscapeRight";
				INFOPLIST_KEY_UISupportedInterfaceOrientations_iPhone = "UIInterfaceOrientationPortrait UIInterfaceOrientationLandscapeLeft UIInterfaceOrientationLandscapeRight";
				LD_RUNPATH_SEARCH_PATHS = (
					"$(inherited)",
					"@executable_path/Frameworks",
				);
				MARKETING_VERSION = 1.0;
				PRODUCT_BUNDLE_IDENTIFIER = KhvanCorp.NoteAppCoreData;
				PRODUCT_NAME = "$(TARGET_NAME)";
				SWIFT_EMIT_LOC_STRINGS = YES;
				SWIFT_VERSION = 5.0;
				TARGETED_DEVICE_FAMILY = "1,2";
			};
			name = Debug;
		};
		115872072BA4A83400BBF9E6 /* Release */ = {
			isa = XCBuildConfiguration;
			buildSettings = {
				ASSETCATALOG_COMPILER_APPICON_NAME = AppIcon;
				ASSETCATALOG_COMPILER_GLOBAL_ACCENT_COLOR_NAME = AccentColor;
				CODE_SIGN_STYLE = Automatic;
				CURRENT_PROJECT_VERSION = 1;
				DEVELOPMENT_TEAM = RHCPZT2F53;
				GENERATE_INFOPLIST_FILE = YES;
				INFOPLIST_FILE = NoteAppCoreData/Info.plist;
				INFOPLIST_KEY_UIApplicationSupportsIndirectInputEvents = YES;
				INFOPLIST_KEY_UILaunchStoryboardName = LaunchScreen;
				INFOPLIST_KEY_UIMainStoryboardFile = Main;
				INFOPLIST_KEY_UISupportedInterfaceOrientations_iPad = "UIInterfaceOrientationPortrait UIInterfaceOrientationPortraitUpsideDown UIInterfaceOrientationLandscapeLeft UIInterfaceOrientationLandscapeRight";
				INFOPLIST_KEY_UISupportedInterfaceOrientations_iPhone = "UIInterfaceOrientationPortrait UIInterfaceOrientationLandscapeLeft UIInterfaceOrientationLandscapeRight";
				LD_RUNPATH_SEARCH_PATHS = (
					"$(inherited)",
					"@executable_path/Frameworks",
				);
				MARKETING_VERSION = 1.0;
				PRODUCT_BUNDLE_IDENTIFIER = KhvanCorp.NoteAppCoreData;
				PRODUCT_NAME = "$(TARGET_NAME)";
				SWIFT_EMIT_LOC_STRINGS = YES;
				SWIFT_VERSION = 5.0;
				TARGETED_DEVICE_FAMILY = "1,2";
			};
			name = Release;
		};
/* End XCBuildConfiguration section */

/* Begin XCConfigurationList section */
		115871E92BA4A83400BBF9E6 /* Build configuration list for PBXProject "NoteAppCoreData" */ = {
			isa = XCConfigurationList;
			buildConfigurations = (
				115872032BA4A83400BBF9E6 /* Debug */,
				115872042BA4A83400BBF9E6 /* Release */,
			);
			defaultConfigurationIsVisible = 0;
			defaultConfigurationName = Release;
		};
		115872052BA4A83400BBF9E6 /* Build configuration list for PBXNativeTarget "NoteAppCoreData" */ = {
			isa = XCConfigurationList;
			buildConfigurations = (
				115872062BA4A83400BBF9E6 /* Debug */,
				115872072BA4A83400BBF9E6 /* Release */,
			);
			defaultConfigurationIsVisible = 0;
			defaultConfigurationName = Release;
		};
/* End XCConfigurationList section */

/* Begin XCVersionGroup section */
		115871FA2BA4A83400BBF9E6 /* NoteAppCoreData.xcdatamodeld */ = {
			isa = XCVersionGroup;
			children = (
				115871FB2BA4A83400BBF9E6 /* NoteAppCoreData.xcdatamodel */,
			);
			currentVersion = 115871FB2BA4A83400BBF9E6 /* NoteAppCoreData.xcdatamodel */;
			path = NoteAppCoreData.xcdatamodeld;
			sourceTree = "<group>";
			versionGroupType = wrapper.xcdatamodel;
		};
/* End XCVersionGroup section */
	};
	rootObject = 115871E62BA4A83400BBF9E6 /* Project object */;
}
